
Microsoft Visual Studio Solution File, Format Version 12.00
# Visual Studio Version 16
VisualStudioVersion = 16.0.34031.81
MinimumVisualStudioVersion = 10.0.40219.1
Project("{2150E333-8FDC-42A3-9474-1A3956D46DE8}") = "Task0", "Task0", "{DCF61DE8-A5D3-47AD-84FE-23F9C40E1A3D}"
EndProject
Project("{FAE04EC0-301F-11D3-BF4B-00C04F79EFBC}") = "Tyuiu.DragomeretskiyED.Sprint1.Task0.V15", "Tyuiu.DragomeretskiyED.Sprint1.Task0.V15\Tyuiu.DragomeretskiyED.Sprint1.Task0.V15.csproj", "{3C45BE91-5D29-4538-A49B-64B22B31BDF4}"
EndProject
Project("{FAE04EC0-301F-11D3-BF4B-00C04F79EFBC}") = "Tyuiu.DragomeretskiyED.Sprint1.Task0.V15.Lib", "Tyuiu.DragomeretskiyED.Sprint1.Task0.V15.Lib\Tyuiu.DragomeretskiyED.Sprint1.Task0.V15.Lib.csproj", "{D575B9A4-38C3-45A2-96AC-71BDA2C73303}"
EndProject
Project("{FAE04EC0-301F-11D3-BF4B-00C04F79EFBC}") = "Tyuiu.DragomeretskiyED.Sprint1.Task0.V15.Test", "Tyuiu.DragomeretskiyED.Sprint1.Task0.V15.Test\Tyuiu.DragomeretskiyED.Sprint1.Task0.V15.Test.csproj", "{48BB362E-2A50-4144-BB26-30EC49DB8000}"
EndProject
Project("{2150E333-8FDC-42A3-9474-1A3956D46DE8}") = "Task1", "Task1", "{0B1BAFCF-4127-45E4-94B6-64BD25430900}"
EndProject
Project("{FAE04EC0-301F-11D3-BF4B-00C04F79EFBC}") = "Tyuiu.DragomeretskiyED.Sprint1.Task1.V8", "Tyuiu.DragomeretskiyED.Sprint1.Task1.V8\Tyuiu.DragomeretskiyED.Sprint1.Task1.V8.csproj", "{0D3DAEAE-F9AD-43EC-B166-B14B3D276022}"
EndProject
Project("{FAE04EC0-301F-11D3-BF4B-00C04F79EFBC}") = "Tyuiu.DragomeretskiyED.Sprint1.Task1.V8.Lib", "Tyuiu.DragomeretskiyED.Sprint1.Task1.V8.Lib\Tyuiu.DragomeretskiyED.Sprint1.Task1.V8.Lib.csproj", "{76C52E9B-AA84-4169-BEDE-9AF9960C86DE}"
EndProject
Project("{FAE04EC0-301F-11D3-BF4B-00C04F79EFBC}") = "Tyuiu.DragomeretskiyED.Sprint1.Task1.V8.Test", "Tyuiu.DragomeretskiyED.Sprint1.Task1.V8.Test\Tyuiu.DragomeretskiyED.Sprint1.Task1.V8.Test.csproj", "{DE462D90-678A-4315-BB3D-7C71480DDF38}"
EndProject
Project("{2150E333-8FDC-42A3-9474-1A3956D46DE8}") = "Task2", "Task2", "{0C3D3A13-F4E4-4480-B9C3-A1C0A4246B65}"
EndProject
Project("{FAE04EC0-301F-11D3-BF4B-00C04F79EFBC}") = "Tyuiu.DragomeretskiyED.Sprint1.Task2.V9", "Tyuiu.DragomeretskiyED.Sprint1.Task2.V9\Tyuiu.DragomeretskiyED.Sprint1.Task2.V9.csproj", "{CA000517-3859-4EAE-8A69-AC04ED3565E8}"
EndProject
Project("{FAE04EC0-301F-11D3-BF4B-00C04F79EFBC}") = "Tyuiu.DragomeretskiyED.Sprint1.Task2.V9.Lib", "Tyuiu.DragomeretskiyED.Sprint1.Task2.V9.Lib\Tyuiu.DragomeretskiyED.Sprint1.Task2.V9.Lib.csproj", "{C46EEB36-58AD-4F04-B287-F88DCBFB6327}"
EndProject
Project("{FAE04EC0-301F-11D3-BF4B-00C04F79EFBC}") = "Tyuiu.DragomeretskiyED.Sprint1.Task2.V9.Test", "Tyuiu.DragomeretskiyED.Sprint1.Task2.V9.Test\Tyuiu.DragomeretskiyED.Sprint1.Task2.V9.Test.csproj", "{60830864-B768-4F9E-8780-28D98B89E6AE}"
EndProject
Project("{2150E333-8FDC-42A3-9474-1A3956D46DE8}") = "Task3", "Task3", "{7D37636A-9A71-42D1-829D-500539740900}"
EndProject
Project("{FAE04EC0-301F-11D3-BF4B-00C04F79EFBC}") = "Tyuiu.DragomeretskiyED.Sprint1.Task3.V1", "Tyuiu.DragomeretskiyED.Sprint1.Task3.V1\Tyuiu.DragomeretskiyED.Sprint1.Task3.V1.csproj", "{4B03CDA2-355C-4492-94E0-0F1918087C9D}"
EndProject
Project("{FAE04EC0-301F-11D3-BF4B-00C04F79EFBC}") = "Tyuiu.DragomeretskiyED.Sprint1.Task3.V1.Lib", "Tyuiu.DragomeretskiyED.Sprint1.Task3.V1.Lib\Tyuiu.DragomeretskiyED.Sprint1.Task3.V1.Lib.csproj", "{9026BE81-C2C2-40B7-82A1-B20D30D8C014}"
EndProject
Project("{FAE04EC0-301F-11D3-BF4B-00C04F79EFBC}") = "Tyuiu.DragomeretskiyED.Sprint1.Task3.V1.Test", "Tyuiu.DragomeretskiyED.Sprint1.Task3.V1.Test\Tyuiu.DragomeretskiyED.Sprint1.Task3.V1.Test.csproj", "{78321F95-77B8-4000-A998-58555E46E2DF}"
EndProject
Global
	GlobalSection(SolutionConfigurationPlatforms) = preSolution
		Debug|Any CPU = Debug|Any CPU
		Release|Any CPU = Release|Any CPU
	EndGlobalSection
	GlobalSection(ProjectConfigurationPlatforms) = postSolution
		{3C45BE91-5D29-4538-A49B-64B22B31BDF4}.Debug|Any CPU.ActiveCfg = Debug|Any CPU
		{3C45BE91-5D29-4538-A49B-64B22B31BDF4}.Debug|Any CPU.Build.0 = Debug|Any CPU
		{3C45BE91-5D29-4538-A49B-64B22B31BDF4}.Release|Any CPU.ActiveCfg = Release|Any CPU
		{3C45BE91-5D29-4538-A49B-64B22B31BDF4}.Release|Any CPU.Build.0 = Release|Any CPU
		{D575B9A4-38C3-45A2-96AC-71BDA2C73303}.Debug|Any CPU.ActiveCfg = Debug|Any CPU
		{D575B9A4-38C3-45A2-96AC-71BDA2C73303}.Debug|Any CPU.Build.0 = Debug|Any CPU
		{D575B9A4-38C3-45A2-96AC-71BDA2C73303}.Release|Any CPU.ActiveCfg = Release|Any CPU
		{D575B9A4-38C3-45A2-96AC-71BDA2C73303}.Release|Any CPU.Build.0 = Release|Any CPU
		{48BB362E-2A50-4144-BB26-30EC49DB8000}.Debug|Any CPU.ActiveCfg = Debug|Any CPU
		{48BB362E-2A50-4144-BB26-30EC49DB8000}.Debug|Any CPU.Build.0 = Debug|Any CPU
		{48BB362E-2A50-4144-BB26-30EC49DB8000}.Release|Any CPU.ActiveCfg = Release|Any CPU
		{48BB362E-2A50-4144-BB26-30EC49DB8000}.Release|Any CPU.Build.0 = Release|Any CPU
		{0D3DAEAE-F9AD-43EC-B166-B14B3D276022}.Debug|Any CPU.ActiveCfg = Debug|Any CPU
		{0D3DAEAE-F9AD-43EC-B166-B14B3D276022}.Debug|Any CPU.Build.0 = Debug|Any CPU
		{0D3DAEAE-F9AD-43EC-B166-B14B3D276022}.Release|Any CPU.ActiveCfg = Release|Any CPU
		{0D3DAEAE-F9AD-43EC-B166-B14B3D276022}.Release|Any CPU.Build.0 = Release|Any CPU
		{76C52E9B-AA84-4169-BEDE-9AF9960C86DE}.Debug|Any CPU.ActiveCfg = Debug|Any CPU
		{76C52E9B-AA84-4169-BEDE-9AF9960C86DE}.Debug|Any CPU.Build.0 = Debug|Any CPU
		{76C52E9B-AA84-4169-BEDE-9AF9960C86DE}.Release|Any CPU.ActiveCfg = Release|Any CPU
		{76C52E9B-AA84-4169-BEDE-9AF9960C86DE}.Release|Any CPU.Build.0 = Release|Any CPU
		{DE462D90-678A-4315-BB3D-7C71480DDF38}.Debug|Any CPU.ActiveCfg = Debug|Any CPU
		{DE462D90-678A-4315-BB3D-7C71480DDF38}.Debug|Any CPU.Build.0 = Debug|Any CPU
		{DE462D90-678A-4315-BB3D-7C71480DDF38}.Release|Any CPU.ActiveCfg = Release|Any CPU
		{DE462D90-678A-4315-BB3D-7C71480DDF38}.Release|Any CPU.Build.0 = Release|Any CPU
		{CA000517-3859-4EAE-8A69-AC04ED3565E8}.Debug|Any CPU.ActiveCfg = Debug|Any CPU
		{CA000517-3859-4EAE-8A69-AC04ED3565E8}.Debug|Any CPU.Build.0 = Debug|Any CPU
		{CA000517-3859-4EAE-8A69-AC04ED3565E8}.Release|Any CPU.ActiveCfg = Release|Any CPU
		{CA000517-3859-4EAE-8A69-AC04ED3565E8}.Release|Any CPU.Build.0 = Release|Any CPU
		{C46EEB36-58AD-4F04-B287-F88DCBFB6327}.Debug|Any CPU.ActiveCfg = Debug|Any CPU
		{C46EEB36-58AD-4F04-B287-F88DCBFB6327}.Debug|Any CPU.Build.0 = Debug|Any CPU
		{C46EEB36-58AD-4F04-B287-F88DCBFB6327}.Release|Any CPU.ActiveCfg = Release|Any CPU
		{C46EEB36-58AD-4F04-B287-F88DCBFB6327}.Release|Any CPU.Build.0 = Release|Any CPU
		{60830864-B768-4F9E-8780-28D98B89E6AE}.Debug|Any CPU.ActiveCfg = Debug|Any CPU
		{60830864-B768-4F9E-8780-28D98B89E6AE}.Debug|Any CPU.Build.0 = Debug|Any CPU
		{60830864-B768-4F9E-8780-28D98B89E6AE}.Release|Any CPU.ActiveCfg = Release|Any CPU
		{60830864-B768-4F9E-8780-28D98B89E6AE}.Release|Any CPU.Build.0 = Release|Any CPU
		{4B03CDA2-355C-4492-94E0-0F1918087C9D}.Debug|Any CPU.ActiveCfg = Debug|Any CPU
		{4B03CDA2-355C-4492-94E0-0F1918087C9D}.Debug|Any CPU.Build.0 = Debug|Any CPU
		{4B03CDA2-355C-4492-94E0-0F1918087C9D}.Release|Any CPU.ActiveCfg = Release|Any CPU
		{4B03CDA2-355C-4492-94E0-0F1918087C9D}.Release|Any CPU.Build.0 = Release|Any CPU
		{9026BE81-C2C2-40B7-82A1-B20D30D8C014}.Debug|Any CPU.ActiveCfg = Debug|Any CPU
		{9026BE81-C2C2-40B7-82A1-B20D30D8C014}.Debug|Any CPU.Build.0 = Debug|Any CPU
		{9026BE81-C2C2-40B7-82A1-B20D30D8C014}.Release|Any CPU.ActiveCfg = Release|Any CPU
		{9026BE81-C2C2-40B7-82A1-B20D30D8C014}.Release|Any CPU.Build.0 = Release|Any CPU
		{78321F95-77B8-4000-A998-58555E46E2DF}.Debug|Any CPU.ActiveCfg = Debug|Any CPU
		{78321F95-77B8-4000-A998-58555E46E2DF}.Debug|Any CPU.Build.0 = Debug|Any CPU
		{78321F95-77B8-4000-A998-58555E46E2DF}.Release|Any CPU.ActiveCfg = Release|Any CPU
		{78321F95-77B8-4000-A998-58555E46E2DF}.Release|Any CPU.Build.0 = Release|Any CPU
	EndGlobalSection
	GlobalSection(SolutionProperties) = preSolution
		HideSolutionNode = FALSE
	EndGlobalSection
	GlobalSection(NestedProjects) = preSolution
		{3C45BE91-5D29-4538-A49B-64B22B31BDF4} = {DCF61DE8-A5D3-47AD-84FE-23F9C40E1A3D}
		{D575B9A4-38C3-45A2-96AC-71BDA2C73303} = {DCF61DE8-A5D3-47AD-84FE-23F9C40E1A3D}
		{48BB362E-2A50-4144-BB26-30EC49DB8000} = {DCF61DE8-A5D3-47AD-84FE-23F9C40E1A3D}
		{0D3DAEAE-F9AD-43EC-B166-B14B3D276022} = {0B1BAFCF-4127-45E4-94B6-64BD25430900}
		{76C52E9B-AA84-4169-BEDE-9AF9960C86DE} = {0B1BAFCF-4127-45E4-94B6-64BD25430900}
		{DE462D90-678A-4315-BB3D-7C71480DDF38} = {0B1BAFCF-4127-45E4-94B6-64BD25430900}
		{CA000517-3859-4EAE-8A69-AC04ED3565E8} = {0C3D3A13-F4E4-4480-B9C3-A1C0A4246B65}
		{C46EEB36-58AD-4F04-B287-F88DCBFB6327} = {0C3D3A13-F4E4-4480-B9C3-A1C0A4246B65}
		{60830864-B768-4F9E-8780-28D98B89E6AE} = {0C3D3A13-F4E4-4480-B9C3-A1C0A4246B65}
		{4B03CDA2-355C-4492-94E0-0F1918087C9D} = {7D37636A-9A71-42D1-829D-500539740900}
		{9026BE81-C2C2-40B7-82A1-B20D30D8C014} = {7D37636A-9A71-42D1-829D-500539740900}
		{78321F95-77B8-4000-A998-58555E46E2DF} = {7D37636A-9A71-42D1-829D-500539740900}
	EndGlobalSection
	GlobalSection(ExtensibilityGlobals) = postSolution
		SolutionGuid = {F9897DA7-8233-4618-8913-8DBEE63CF889}
	EndGlobalSection
EndGlobal
